<?xml version="1.0" encoding="utf-8"?>
<Project ToolsVersion="4.0" xmlns="http://schemas.microsoft.com/developer/msbuild/2003">
  <ItemGroup>
    <Filter Include="Source Files">
      <UniqueIdentifier>{4FC737F1-C7A5-4376-A066-2A32D752A2FF}</UniqueIdentifier>
      <Extensions>cpp;c;cc;cxx;c++;cppm;ixx;def;odl;idl;hpj;bat;asm;asmx</Extensions>
    </Filter>
    <Filter Include="Header Files">
      <UniqueIdentifier>{93995380-89BD-4b04-88EB-625FBE52EBFB}</UniqueIdentifier>
      <Extensions>h;hh;hpp;hxx;h++;hm;inl;inc;ipp;xsd</Extensions>
    </Filter>
    <Filter Include="Resource Files">
      <UniqueIdentifier>{67DA6AB6-F800-4c08-8B7A-83BB121AAD01}</UniqueIdentifier>
      <Extensions>rc;ico;cur;bmp;dlg;rc2;rct;bin;rgs;gif;jpg;jpeg;jpe;resx;tiff;tif;png;wav;mfcribbon-ms</Extensions>
    </Filter>
  </ItemGroup>
  <ItemGroup>
    <ClCompile Include="Rendering\OpenGLRenderer\OpenGLRenderer.cpp">
      <Filter>Source Files</Filter>
    </ClCompile>
    <ClCompile Include="Rendering\OpenGLRenderer\Models\BaseCamera.cpp">
      <Filter>Source Files</Filter>
    </ClCompile>
    <ClCompile Include="main.cpp">
      <Filter>Source Files</Filter>
    </ClCompile>
    <ClCompile Include="Rendering\OpenGLRenderer\glad.c">
      <Filter>Source Files</Filter>
    </ClCompile>
    <ClCompile Include="Rendering\OpenGLRenderer\Graphics\Window.cpp">
      <Filter>Source Files</Filter>
    </ClCompile>
    <ClCompile Include="Rendering\OpenGLRenderer\Utilities.cpp">
      <Filter>Source Files</Filter>
    </ClCompile>
    <ClCompile Include="Rendering\OpenGLRenderer\Models\BaseModel.cpp">
      <Filter>Source Files</Filter>
    </ClCompile>
    <ClCompile Include="Rendering\OpenGLRenderer\Models\BaseLight.cpp">
      <Filter>Source Files</Filter>
    </ClCompile>
    <ClCompile Include="Rendering\OpenGLRenderer\Models\Mesh.cpp">
      <Filter>Source Files</Filter>
    </ClCompile>
    <ClCompile Include="Rendering\OpenGLRenderer\Models\DirectionalLight.cpp">
      <Filter>Source Files</Filter>
    </ClCompile>
    <ClCompile Include="Rendering\OpenGLRenderer\Models\PointLight.cpp">
      <Filter>Source Files</Filter>
    </ClCompile>
    <ClCompile Include="Rendering\OpenGLRenderer\Graphics\Buffers\GBuffer.cpp">
      <Filter>Source Files</Filter>
    </ClCompile>
    <ClCompile Include="Rendering\OpenGLRenderer\Graphics\Buffers\UniformBufferObject.cpp">
      <Filter>Source Files</Filter>
    </ClCompile>
    <ClCompile Include="Rendering\OpenGLRenderer\Graphics\Buffers\BaseBuffer.cpp">
      <Filter>Source Files</Filter>
    </ClCompile>
    <ClCompile Include="Rendering\OpenGLRenderer\Models\Transform.cpp">
      <Filter>Source Files</Filter>
    </ClCompile>
    <ClCompile Include="Log.cpp">
      <Filter>Source Files</Filter>
    </ClCompile>
    <ClCompile Include="Rendering\OpenGLRenderer\Graphics\BaseTexture.cpp">
      <Filter>Source Files</Filter>
    </ClCompile>
  </ItemGroup>
  <ItemGroup>
    <ClInclude Include="Rendering\OpenGLRenderer\OpenGLRenderer.h">
      <Filter>Header Files</Filter>
    </ClInclude>
    <ClInclude Include="Rendering\OpenGLRenderer\Models\BaseCamera.h">
      <Filter>Header Files</Filter>
    </ClInclude>
    <ClInclude Include="Rendering\OpenGLRenderer\Graphics\Window.h">
      <Filter>Header Files</Filter>
    </ClInclude>
    <ClInclude Include="Rendering\OpenGLRenderer\Utilities.h">
      <Filter>Header Files</Filter>
    </ClInclude>
    <ClInclude Include="Rendering\OpenGLRenderer\Graphics\BaseShader.h">
      <Filter>Header Files</Filter>
    </ClInclude>
    <ClInclude Include="Rendering\OpenGLRenderer\Settings.h">
      <Filter>Header Files</Filter>
    </ClInclude>
    <ClInclude Include="Rendering\OpenGLRenderer\Graphics\BaseTexture.h">
      <Filter>Header Files</Filter>
    </ClInclude>
    <ClInclude Include="Rendering\OpenGLRenderer\Models\BaseModel.h">
      <Filter>Header Files</Filter>
    </ClInclude>
    <ClInclude Include="Rendering\OpenGLRenderer\Models\BaseLight.h">
      <Filter>Header Files</Filter>
    </ClInclude>
    <ClInclude Include="Rendering\OpenGLRenderer\Models\Mesh.h">
      <Filter>Header Files</Filter>
    </ClInclude>
    <ClInclude Include="Rendering\OpenGLRenderer\Models\DirectionalLight.h">
      <Filter>Header Files</Filter>
    </ClInclude>
    <ClInclude Include="Rendering\OpenGLRenderer\Models\PointLight.h">
      <Filter>Header Files</Filter>
    </ClInclude>
    <ClInclude Include="Rendering\OpenGLRenderer\Graphics\Buffers\GBuffer.h">
      <Filter>Header Files</Filter>
    </ClInclude>
    <ClInclude Include="Rendering\OpenGLRenderer\Graphics\Buffers\UniformBufferObject.h">
      <Filter>Header Files</Filter>
    </ClInclude>
    <ClInclude Include="Rendering\OpenGLRenderer\Graphics\Buffers\BaseBuffer.h">
      <Filter>Header Files</Filter>
    </ClInclude>
    <ClInclude Include="Rendering\OpenGLRenderer\Models\Transform.h">
      <Filter>Header Files</Filter>
    </ClInclude>
    <ClInclude Include="Log.h">
      <Filter>Header Files</Filter>
    </ClInclude>
    <ClInclude Include="Rendering\OpenGLRenderer\Constants.h">
      <Filter>Header Files</Filter>
    </ClInclude>
  </ItemGroup>
  <ItemGroup>
    <None Include="Rendering\Resources\shaders\postprocessing\filmGrain.frag" />
    <None Include="Rendering\Resources\shaders\depthShader\vertDepth.vert" />
    <None Include="Rendering\Resources\shaders\depthShader\fragDepth.frag" />
    <None Include="Rendering\Resources\shaders\lightShader\fragLight.frag" />
    <None Include="Rendering\Resources\shaders\lightShader\vertLight.vert" />
    <None Include="Rendering\Resources\shaders\baseShader\fragBase.frag" />
    <None Include="Rendering\Resources\shaders\baseShader\vertBase.vert" />
    <None Include="Rendering\Resources\shaders\stencilPassShader\fragStencilPass.frag" />
    <None Include="Rendering\Resources\shaders\stencilPassShader\vertStencilPass.vert" />
    <None Include="Rendering\Resources\shaders\fragLighting.frag" />
    <None Include="Rendering\Resources\shaders\gbufferShader\gbuffer.frag" />
    <None Include="Rendering\Resources\shaders\gbufferShader\gbuffer.vert" />
  </ItemGroup>
</Project>